// !$*UTF8*$!
{
	archiveVersion = 1;
	classes = {
	};
	objectVersion = 56;
	objects = {

/* Begin PBXBuildFile section */
		430EFFDA2AF2DFF000C40EBA /* CoreDataStack.swift in Sources */ = {isa = PBXBuildFile; fileRef = 430EFFD92AF2DFF000C40EBA /* CoreDataStack.swift */; };
		430EFFE82AF2F97100C40EBA /* SongSelectViewController.swift in Sources */ = {isa = PBXBuildFile; fileRef = 430EFFE72AF2F97100C40EBA /* SongSelectViewController.swift */; };
		430EFFEA2AF2FCEC00C40EBA /* SongSelectTableViewCell.swift in Sources */ = {isa = PBXBuildFile; fileRef = 430EFFE92AF2FCEC00C40EBA /* SongSelectTableViewCell.swift */; };
		4343E5C72B10530C00423BA1 /* OpenSans_Condensed-Bold.ttf in Resources */ = {isa = PBXBuildFile; fileRef = 4343E5C62B10530C00423BA1 /* OpenSans_Condensed-Bold.ttf */; };
		4343E5C82B1056FE00423BA1 /* OpenSans.ttf in Resources */ = {isa = PBXBuildFile; fileRef = 4361B7D42B0FF00D00402966 /* OpenSans.ttf */; };
		43662B062AF30087001F2DD5 /* JournalModel.xcdatamodeld in Sources */ = {isa = PBXBuildFile; fileRef = 43662B042AF30087001F2DD5 /* JournalModel.xcdatamodeld */; };
		43662B1B2AF5D02E001F2DD5 /* Journal+CoreDataClass.swift in Sources */ = {isa = PBXBuildFile; fileRef = 43662B172AF5D02E001F2DD5 /* Journal+CoreDataClass.swift */; };
		43662B1C2AF5D02E001F2DD5 /* Journal+CoreDataProperties.swift in Sources */ = {isa = PBXBuildFile; fileRef = 43662B182AF5D02E001F2DD5 /* Journal+CoreDataProperties.swift */; };
		43662B1D2AF5D02E001F2DD5 /* Song+CoreDataClass.swift in Sources */ = {isa = PBXBuildFile; fileRef = 43662B192AF5D02E001F2DD5 /* Song+CoreDataClass.swift */; };
		43662B1E2AF5D02E001F2DD5 /* Song+CoreDataProperties.swift in Sources */ = {isa = PBXBuildFile; fileRef = 43662B1A2AF5D02E001F2DD5 /* Song+CoreDataProperties.swift */; };
		43662B202AF6023C001F2DD5 /* EntryDetailViewController.swift in Sources */ = {isa = PBXBuildFile; fileRef = 43662B1F2AF6023C001F2DD5 /* EntryDetailViewController.swift */; };
		439B93092AEB5E6B007AAF71 /* FetchSong.swift in Sources */ = {isa = PBXBuildFile; fileRef = 439B93082AEB5E6B007AAF71 /* FetchSong.swift */; };
		439B930B2AEB7E90007AAF71 /* JournalEntryCollectionViewCell.swift in Sources */ = {isa = PBXBuildFile; fileRef = 439B930A2AEB7E90007AAF71 /* JournalEntryCollectionViewCell.swift */; };
		439B930E2AEB80B7007AAF71 /* JournalEntry.swift in Sources */ = {isa = PBXBuildFile; fileRef = 439B930D2AEB80B7007AAF71 /* JournalEntry.swift */; };
		439B93102AEB80F6007AAF71 /* Section.swift in Sources */ = {isa = PBXBuildFile; fileRef = 439B930F2AEB80F6007AAF71 /* Section.swift */; };
		43CCBC3A2B0E95F600924E29 /* CustomAnimation.swift in Sources */ = {isa = PBXBuildFile; fileRef = 43CCBC392B0E95F600924E29 /* CustomAnimation.swift */; };
		43FEA90C2AD8E05C000B0E2A /* AppDelegate.swift in Sources */ = {isa = PBXBuildFile; fileRef = 43FEA90B2AD8E05C000B0E2A /* AppDelegate.swift */; };
		43FEA90E2AD8E05C000B0E2A /* SceneDelegate.swift in Sources */ = {isa = PBXBuildFile; fileRef = 43FEA90D2AD8E05C000B0E2A /* SceneDelegate.swift */; };
		43FEA9102AD8E05C000B0E2A /* ViewController.swift in Sources */ = {isa = PBXBuildFile; fileRef = 43FEA90F2AD8E05C000B0E2A /* ViewController.swift */; };
		43FEA9132AD8E05C000B0E2A /* Main.storyboard in Resources */ = {isa = PBXBuildFile; fileRef = 43FEA9112AD8E05C000B0E2A /* Main.storyboard */; };
		43FEA9152AD8E05E000B0E2A /* Assets.xcassets in Resources */ = {isa = PBXBuildFile; fileRef = 43FEA9142AD8E05E000B0E2A /* Assets.xcassets */; };
		43FEA9182AD8E05E000B0E2A /* LaunchScreen.storyboard in Resources */ = {isa = PBXBuildFile; fileRef = 43FEA9162AD8E05E000B0E2A /* LaunchScreen.storyboard */; };
		43FEA9202AD8E1B3000B0E2A /* CreateEntryViewController.swift in Sources */ = {isa = PBXBuildFile; fileRef = 43FEA91F2AD8E1B3000B0E2A /* CreateEntryViewController.swift */; };
/* End PBXBuildFile section */

/* Begin PBXFileReference section */
		430EFFD92AF2DFF000C40EBA /* CoreDataStack.swift */ = {isa = PBXFileReference; lastKnownFileType = sourcecode.swift; path = CoreDataStack.swift; sourceTree = "<group>"; };
		430EFFE72AF2F97100C40EBA /* SongSelectViewController.swift */ = {isa = PBXFileReference; lastKnownFileType = sourcecode.swift; path = SongSelectViewController.swift; sourceTree = "<group>"; };
		430EFFE92AF2FCEC00C40EBA /* SongSelectTableViewCell.swift */ = {isa = PBXFileReference; lastKnownFileType = sourcecode.swift; path = SongSelectTableViewCell.swift; sourceTree = "<group>"; };
		4343E5C62B10530C00423BA1 /* OpenSans_Condensed-Bold.ttf */ = {isa = PBXFileReference; lastKnownFileType = file; path = "OpenSans_Condensed-Bold.ttf"; sourceTree = "<group>"; };
		4361B7D42B0FF00D00402966 /* OpenSans.ttf */ = {isa = PBXFileReference; lastKnownFileType = file; path = OpenSans.ttf; sourceTree = "<group>"; };
		43662B052AF30087001F2DD5 /* JournalModel.xcdatamodel */ = {isa = PBXFileReference; lastKnownFileType = wrapper.xcdatamodel; path = JournalModel.xcdatamodel; sourceTree = "<group>"; };
		43662B172AF5D02E001F2DD5 /* Journal+CoreDataClass.swift */ = {isa = PBXFileReference; lastKnownFileType = sourcecode.swift; path = "Journal+CoreDataClass.swift"; sourceTree = SOURCE_ROOT; };
		43662B182AF5D02E001F2DD5 /* Journal+CoreDataProperties.swift */ = {isa = PBXFileReference; lastKnownFileType = sourcecode.swift; path = "Journal+CoreDataProperties.swift"; sourceTree = SOURCE_ROOT; };
		43662B192AF5D02E001F2DD5 /* Song+CoreDataClass.swift */ = {isa = PBXFileReference; lastKnownFileType = sourcecode.swift; path = "Song+CoreDataClass.swift"; sourceTree = SOURCE_ROOT; };
		43662B1A2AF5D02E001F2DD5 /* Song+CoreDataProperties.swift */ = {isa = PBXFileReference; lastKnownFileType = sourcecode.swift; path = "Song+CoreDataProperties.swift"; sourceTree = SOURCE_ROOT; };
		43662B1F2AF6023C001F2DD5 /* EntryDetailViewController.swift */ = {isa = PBXFileReference; lastKnownFileType = sourcecode.swift; path = EntryDetailViewController.swift; sourceTree = "<group>"; };
		439B93082AEB5E6B007AAF71 /* FetchSong.swift */ = {isa = PBXFileReference; lastKnownFileType = sourcecode.swift; path = FetchSong.swift; sourceTree = "<group>"; };
		439B930A2AEB7E90007AAF71 /* JournalEntryCollectionViewCell.swift */ = {isa = PBXFileReference; lastKnownFileType = sourcecode.swift; path = JournalEntryCollectionViewCell.swift; sourceTree = "<group>"; };
		439B930D2AEB80B7007AAF71 /* JournalEntry.swift */ = {isa = PBXFileReference; lastKnownFileType = sourcecode.swift; path = JournalEntry.swift; sourceTree = "<group>"; };
		439B930F2AEB80F6007AAF71 /* Section.swift */ = {isa = PBXFileReference; lastKnownFileType = sourcecode.swift; path = Section.swift; sourceTree = "<group>"; };
		43CCBC392B0E95F600924E29 /* CustomAnimation.swift */ = {isa = PBXFileReference; lastKnownFileType = sourcecode.swift; path = CustomAnimation.swift; sourceTree = "<group>"; };
		43FEA9082AD8E05C000B0E2A /* SongOfTheDay.app */ = {isa = PBXFileReference; explicitFileType = wrapper.application; includeInIndex = 0; path = SongOfTheDay.app; sourceTree = BUILT_PRODUCTS_DIR; };
		43FEA90B2AD8E05C000B0E2A /* AppDelegate.swift */ = {isa = PBXFileReference; lastKnownFileType = sourcecode.swift; path = AppDelegate.swift; sourceTree = "<group>"; };
		43FEA90D2AD8E05C000B0E2A /* SceneDelegate.swift */ = {isa = PBXFileReference; lastKnownFileType = sourcecode.swift; path = SceneDelegate.swift; sourceTree = "<group>"; };
		43FEA90F2AD8E05C000B0E2A /* ViewController.swift */ = {isa = PBXFileReference; lastKnownFileType = sourcecode.swift; path = ViewController.swift; sourceTree = "<group>"; };
		43FEA9122AD8E05C000B0E2A /* Base */ = {isa = PBXFileReference; lastKnownFileType = file.storyboard; name = Base; path = Base.lproj/Main.storyboard; sourceTree = "<group>"; };
		43FEA9142AD8E05E000B0E2A /* Assets.xcassets */ = {isa = PBXFileReference; lastKnownFileType = folder.assetcatalog; path = Assets.xcassets; sourceTree = "<group>"; };
		43FEA9172AD8E05E000B0E2A /* Base */ = {isa = PBXFileReference; lastKnownFileType = file.storyboard; name = Base; path = Base.lproj/LaunchScreen.storyboard; sourceTree = "<group>"; };
		43FEA9192AD8E05E000B0E2A /* Info.plist */ = {isa = PBXFileReference; lastKnownFileType = text.plist.xml; path = Info.plist; sourceTree = "<group>"; };
		43FEA91F2AD8E1B3000B0E2A /* CreateEntryViewController.swift */ = {isa = PBXFileReference; lastKnownFileType = sourcecode.swift; path = CreateEntryViewController.swift; sourceTree = "<group>"; };
/* End PBXFileReference section */

/* Begin PBXFrameworksBuildPhase section */
		43FEA9052AD8E05C000B0E2A /* Frameworks */ = {
			isa = PBXFrameworksBuildPhase;
			buildActionMask = 2147483647;
			files = (
			);
			runOnlyForDeploymentPostprocessing = 0;
		};
/* End PBXFrameworksBuildPhase section */

/* Begin PBXGroup section */
		430EFFD02AF2DA7D00C40EBA /* CoreData Model */ = {
			isa = PBXGroup;
			children = (
				43662B172AF5D02E001F2DD5 /* Journal+CoreDataClass.swift */,
				43662B182AF5D02E001F2DD5 /* Journal+CoreDataProperties.swift */,
				43662B192AF5D02E001F2DD5 /* Song+CoreDataClass.swift */,
				43662B1A2AF5D02E001F2DD5 /* Song+CoreDataProperties.swift */,
				43662B042AF30087001F2DD5 /* JournalModel.xcdatamodeld */,
				430EFFD92AF2DFF000C40EBA /* CoreDataStack.swift */,
			);
			path = "CoreData Model";
			sourceTree = "<group>";
		};
		430EFFEB2AF2FCF100C40EBA /* Cells */ = {
			isa = PBXGroup;
			children = (
				439B930A2AEB7E90007AAF71 /* JournalEntryCollectionViewCell.swift */,
				430EFFE92AF2FCEC00C40EBA /* SongSelectTableViewCell.swift */,
				439B930F2AEB80F6007AAF71 /* Section.swift */,
			);
			path = Cells;
			sourceTree = "<group>";
		};
		4361B7D22B0FEF3B00402966 /* Fonts */ = {
			isa = PBXGroup;
			children = (
				4361B7D42B0FF00D00402966 /* OpenSans.ttf */,
				4343E5C62B10530C00423BA1 /* OpenSans_Condensed-Bold.ttf */,
			);
			path = Fonts;
			sourceTree = "<group>";
		};
		439B930C2AEB7F76007AAF71 /* Models */ = {
			isa = PBXGroup;
			children = (
				439B93082AEB5E6B007AAF71 /* FetchSong.swift */,
				439B930D2AEB80B7007AAF71 /* JournalEntry.swift */,
			);
			path = Models;
			sourceTree = "<group>";
		};
		43CCBC382B0E95DF00924E29 /* Views */ = {
			isa = PBXGroup;
			children = (
				43CCBC392B0E95F600924E29 /* CustomAnimation.swift */,
			);
			path = Views;
			sourceTree = "<group>";
		};
		43FEA8FF2AD8E05C000B0E2A = {
			isa = PBXGroup;
			children = (
				43FEA90A2AD8E05C000B0E2A /* SongOfTheDay */,
				43FEA9092AD8E05C000B0E2A /* Products */,
			);
			sourceTree = "<group>";
		};
		43FEA9092AD8E05C000B0E2A /* Products */ = {
			isa = PBXGroup;
			children = (
				43FEA9082AD8E05C000B0E2A /* SongOfTheDay.app */,
			);
			name = Products;
			sourceTree = "<group>";
		};
		43FEA90A2AD8E05C000B0E2A /* SongOfTheDay */ = {
			isa = PBXGroup;
			children = (
				430EFFD02AF2DA7D00C40EBA /* CoreData Model */,
				43FEA9222AD8E1C6000B0E2A /* Delegates */,
				43CCBC382B0E95DF00924E29 /* Views */,
				4361B7D22B0FEF3B00402966 /* Fonts */,
				43FEA9212AD8E1BE000B0E2A /* View Controllers */,
				439B930C2AEB7F76007AAF71 /* Models */,
				430EFFEB2AF2FCF100C40EBA /* Cells */,
				43FEA9112AD8E05C000B0E2A /* Main.storyboard */,
				43FEA9142AD8E05E000B0E2A /* Assets.xcassets */,
				43FEA9162AD8E05E000B0E2A /* LaunchScreen.storyboard */,
				43FEA9192AD8E05E000B0E2A /* Info.plist */,
			);
			path = SongOfTheDay;
			sourceTree = "<group>";
		};
		43FEA9212AD8E1BE000B0E2A /* View Controllers */ = {
			isa = PBXGroup;
			children = (
				43FEA91F2AD8E1B3000B0E2A /* CreateEntryViewController.swift */,
				43FEA90F2AD8E05C000B0E2A /* ViewController.swift */,
				430EFFE72AF2F97100C40EBA /* SongSelectViewController.swift */,
				43662B1F2AF6023C001F2DD5 /* EntryDetailViewController.swift */,
			);
			path = "View Controllers";
			sourceTree = "<group>";
		};
		43FEA9222AD8E1C6000B0E2A /* Delegates */ = {
			isa = PBXGroup;
			children = (
				43FEA90B2AD8E05C000B0E2A /* AppDelegate.swift */,
				43FEA90D2AD8E05C000B0E2A /* SceneDelegate.swift */,
			);
			path = Delegates;
			sourceTree = "<group>";
		};
/* End PBXGroup section */

/* Begin PBXNativeTarget section */
		43FEA9072AD8E05C000B0E2A /* SongOfTheDay */ = {
			isa = PBXNativeTarget;
			buildConfigurationList = 43FEA91C2AD8E05E000B0E2A /* Build configuration list for PBXNativeTarget "SongOfTheDay" */;
			buildPhases = (
				43FEA9042AD8E05C000B0E2A /* Sources */,
				43FEA9052AD8E05C000B0E2A /* Frameworks */,
				43FEA9062AD8E05C000B0E2A /* Resources */,
			);
			buildRules = (
			);
			dependencies = (
			);
			name = SongOfTheDay;
			productName = SongOfTheDay;
			productReference = 43FEA9082AD8E05C000B0E2A /* SongOfTheDay.app */;
			productType = "com.apple.product-type.application";
		};
/* End PBXNativeTarget section */

/* Begin PBXProject section */
		43FEA9002AD8E05C000B0E2A /* Project object */ = {
			isa = PBXProject;
			attributes = {
				BuildIndependentTargetsInParallel = 1;
				LastSwiftUpdateCheck = 1500;
				LastUpgradeCheck = 1500;
				TargetAttributes = {
					43FEA9072AD8E05C000B0E2A = {
						CreatedOnToolsVersion = 15.0;
					};
				};
			};
			buildConfigurationList = 43FEA9032AD8E05C000B0E2A /* Build configuration list for PBXProject "Song of the Day" */;
			compatibilityVersion = "Xcode 14.0";
			developmentRegion = en;
			hasScannedForEncodings = 0;
			knownRegions = (
				en,
				Base,
			);
			mainGroup = 43FEA8FF2AD8E05C000B0E2A;
			productRefGroup = 43FEA9092AD8E05C000B0E2A /* Products */;
			projectDirPath = "";
			projectRoot = "";
			targets = (
				43FEA9072AD8E05C000B0E2A /* SongOfTheDay */,
			);
		};
/* End PBXProject section */

/* Begin PBXResourcesBuildPhase section */
		43FEA9062AD8E05C000B0E2A /* Resources */ = {
			isa = PBXResourcesBuildPhase;
			buildActionMask = 2147483647;
			files = (
				43FEA9182AD8E05E000B0E2A /* LaunchScreen.storyboard in Resources */,
				43FEA9152AD8E05E000B0E2A /* Assets.xcassets in Resources */,
				4343E5C72B10530C00423BA1 /* OpenSans_Condensed-Bold.ttf in Resources */,
				4343E5C82B1056FE00423BA1 /* OpenSans.ttf in Resources */,
				43FEA9132AD8E05C000B0E2A /* Main.storyboard in Resources */,
			);
			runOnlyForDeploymentPostprocessing = 0;
		};
/* End PBXResourcesBuildPhase section */

/* Begin PBXSourcesBuildPhase section */
		43FEA9042AD8E05C000B0E2A /* Sources */ = {
			isa = PBXSourcesBuildPhase;
			buildActionMask = 2147483647;
			files = (
				43FEA9102AD8E05C000B0E2A /* ViewController.swift in Sources */,
				43FEA90C2AD8E05C000B0E2A /* AppDelegate.swift in Sources */,
				430EFFEA2AF2FCEC00C40EBA /* SongSelectTableViewCell.swift in Sources */,
				43662B202AF6023C001F2DD5 /* EntryDetailViewController.swift in Sources */,
				43FEA90E2AD8E05C000B0E2A /* SceneDelegate.swift in Sources */,
				439B930B2AEB7E90007AAF71 /* JournalEntryCollectionViewCell.swift in Sources */,
				43662B1B2AF5D02E001F2DD5 /* Journal+CoreDataClass.swift in Sources */,
				43662B1C2AF5D02E001F2DD5 /* Journal+CoreDataProperties.swift in Sources */,
				43FEA9202AD8E1B3000B0E2A /* CreateEntryViewController.swift in Sources */,
				430EFFDA2AF2DFF000C40EBA /* CoreDataStack.swift in Sources */,
				439B93102AEB80F6007AAF71 /* Section.swift in Sources */,
				43662B1E2AF5D02E001F2DD5 /* Song+CoreDataProperties.swift in Sources */,
				439B930E2AEB80B7007AAF71 /* JournalEntry.swift in Sources */,
				43662B1D2AF5D02E001F2DD5 /* Song+CoreDataClass.swift in Sources */,
				43662B062AF30087001F2DD5 /* JournalModel.xcdatamodeld in Sources */,
				430EFFE82AF2F97100C40EBA /* SongSelectViewController.swift in Sources */,
				43CCBC3A2B0E95F600924E29 /* CustomAnimation.swift in Sources */,
				439B93092AEB5E6B007AAF71 /* FetchSong.swift in Sources */,
			);
			runOnlyForDeploymentPostprocessing = 0;
		};
/* End PBXSourcesBuildPhase section */

/* Begin PBXVariantGroup section */
		43FEA9112AD8E05C000B0E2A /* Main.storyboard */ = {
			isa = PBXVariantGroup;
			children = (
				43FEA9122AD8E05C000B0E2A /* Base */,
			);
			name = Main.storyboard;
			sourceTree = "<group>";
		};
		43FEA9162AD8E05E000B0E2A /* LaunchScreen.storyboard */ = {
			isa = PBXVariantGroup;
			children = (
				43FEA9172AD8E05E000B0E2A /* Base */,
			);
			name = LaunchScreen.storyboard;
			sourceTree = "<group>";
		};
/* End PBXVariantGroup section */

/* Begin XCBuildConfiguration section */
		43FEA91A2AD8E05E000B0E2A /* Debug */ = {
			isa = XCBuildConfiguration;
			buildSettings = {
				ALWAYS_SEARCH_USER_PATHS = NO;
				ASSETCATALOG_COMPILER_GENERATE_SWIFT_ASSET_SYMBOL_EXTENSIONS = YES;
				CLANG_ANALYZER_NONNULL = YES;
				CLANG_ANALYZER_NUMBER_OBJECT_CONVERSION = YES_AGGRESSIVE;
				CLANG_CXX_LANGUAGE_STANDARD = "gnu++20";
				CLANG_ENABLE_MODULES = YES;
				CLANG_ENABLE_OBJC_ARC = YES;
				CLANG_ENABLE_OBJC_WEAK = YES;
				CLANG_WARN_BLOCK_CAPTURE_AUTORELEASING = YES;
				CLANG_WARN_BOOL_CONVERSION = YES;
				CLANG_WARN_COMMA = YES;
				CLANG_WARN_CONSTANT_CONVERSION = YES;
				CLANG_WARN_DEPRECATED_OBJC_IMPLEMENTATIONS = YES;
				CLANG_WARN_DIRECT_OBJC_ISA_USAGE = YES_ERROR;
				CLANG_WARN_DOCUMENTATION_COMMENTS = YES;
				CLANG_WARN_EMPTY_BODY = YES;
				CLANG_WARN_ENUM_CONVERSION = YES;
				CLANG_WARN_INFINITE_RECURSION = YES;
				CLANG_WARN_INT_CONVERSION = YES;
				CLANG_WARN_NON_LITERAL_NULL_CONVERSION = YES;
				CLANG_WARN_OBJC_IMPLICIT_RETAIN_SELF = YES;
				CLANG_WARN_OBJC_LITERAL_CONVERSION = YES;
				CLANG_WARN_OBJC_ROOT_CLASS = YES_ERROR;
				CLANG_WARN_QUOTED_INCLUDE_IN_FRAMEWORK_HEADER = YES;
				CLANG_WARN_RANGE_LOOP_ANALYSIS = YES;
				CLANG_WARN_STRICT_PROTOTYPES = YES;
				CLANG_WARN_SUSPICIOUS_MOVE = YES;
				CLANG_WARN_UNGUARDED_AVAILABILITY = YES_AGGRESSIVE;
				CLANG_WARN_UNREACHABLE_CODE = YES;
				CLANG_WARN__DUPLICATE_METHOD_MATCH = YES;
				COPY_PHASE_STRIP = NO;
				DEBUG_INFORMATION_FORMAT = dwarf;
				ENABLE_STRICT_OBJC_MSGSEND = YES;
				ENABLE_TESTABILITY = YES;
				ENABLE_USER_SCRIPT_SANDBOXING = YES;
				GCC_C_LANGUAGE_STANDARD = gnu17;
				GCC_DYNAMIC_NO_PIC = NO;
				GCC_NO_COMMON_BLOCKS = YES;
				GCC_OPTIMIZATION_LEVEL = 0;
				GCC_PREPROCESSOR_DEFINITIONS = (
					"DEBUG=1",
					"$(inherited)",
				);
				GCC_WARN_64_TO_32_BIT_CONVERSION = YES;
				GCC_WARN_ABOUT_RETURN_TYPE = YES_ERROR;
				GCC_WARN_UNDECLARED_SELECTOR = YES;
				GCC_WARN_UNINITIALIZED_AUTOS = YES_AGGRESSIVE;
				GCC_WARN_UNUSED_FUNCTION = YES;
				GCC_WARN_UNUSED_VARIABLE = YES;
				IPHONEOS_DEPLOYMENT_TARGET = 17.0;
				LOCALIZATION_PREFERS_STRING_CATALOGS = YES;
				MTL_ENABLE_DEBUG_INFO = INCLUDE_SOURCE;
				MTL_FAST_MATH = YES;
				ONLY_ACTIVE_ARCH = YES;
				SDKROOT = iphoneos;
				SWIFT_ACTIVE_COMPILATION_CONDITIONS = "DEBUG $(inherited)";
				SWIFT_OPTIMIZATION_LEVEL = "-Onone";
			};
			name = Debug;
		};
		43FEA91B2AD8E05E000B0E2A /* Release */ = {
			isa = XCBuildConfiguration;
			buildSettings = {
				ALWAYS_SEARCH_USER_PATHS = NO;
				ASSETCATALOG_COMPILER_GENERATE_SWIFT_ASSET_SYMBOL_EXTENSIONS = YES;
				CLANG_ANALYZER_NONNULL = YES;
				CLANG_ANALYZER_NUMBER_OBJECT_CONVERSION = YES_AGGRESSIVE;
				CLANG_CXX_LANGUAGE_STANDARD = "gnu++20";
				CLANG_ENABLE_MODULES = YES;
				CLANG_ENABLE_OBJC_ARC = YES;
				CLANG_ENABLE_OBJC_WEAK = YES;
				CLANG_WARN_BLOCK_CAPTURE_AUTORELEASING = YES;
				CLANG_WARN_BOOL_CONVERSION = YES;
				CLANG_WARN_COMMA = YES;
				CLANG_WARN_CONSTANT_CONVERSION = YES;
				CLANG_WARN_DEPRECATED_OBJC_IMPLEMENTATIONS = YES;
				CLANG_WARN_DIRECT_OBJC_ISA_USAGE = YES_ERROR;
				CLANG_WARN_DOCUMENTATION_COMMENTS = YES;
				CLANG_WARN_EMPTY_BODY = YES;
				CLANG_WARN_ENUM_CONVERSION = YES;
				CLANG_WARN_INFINITE_RECURSION = YES;
				CLANG_WARN_INT_CONVERSION = YES;
				CLANG_WARN_NON_LITERAL_NULL_CONVERSION = YES;
				CLANG_WARN_OBJC_IMPLICIT_RETAIN_SELF = YES;
				CLANG_WARN_OBJC_LITERAL_CONVERSION = YES;
				CLANG_WARN_OBJC_ROOT_CLASS = YES_ERROR;
				CLANG_WARN_QUOTED_INCLUDE_IN_FRAMEWORK_HEADER = YES;
				CLANG_WARN_RANGE_LOOP_ANALYSIS = YES;
				CLANG_WARN_STRICT_PROTOTYPES = YES;
				CLANG_WARN_SUSPICIOUS_MOVE = YES;
				CLANG_WARN_UNGUARDED_AVAILABILITY = YES_AGGRESSIVE;
				CLANG_WARN_UNREACHABLE_CODE = YES;
				CLANG_WARN__DUPLICATE_METHOD_MATCH = YES;
				COPY_PHASE_STRIP = NO;
				DEBUG_INFORMATION_FORMAT = "dwarf-with-dsym";
				ENABLE_NS_ASSERTIONS = NO;
				ENABLE_STRICT_OBJC_MSGSEND = YES;
				ENABLE_USER_SCRIPT_SANDBOXING = YES;
				GCC_C_LANGUAGE_STANDARD = gnu17;
				GCC_NO_COMMON_BLOCKS = YES;
				GCC_WARN_64_TO_32_BIT_CONVERSION = YES;
				GCC_WARN_ABOUT_RETURN_TYPE = YES_ERROR;
				GCC_WARN_UNDECLARED_SELECTOR = YES;
				GCC_WARN_UNINITIALIZED_AUTOS = YES_AGGRESSIVE;
				GCC_WARN_UNUSED_FUNCTION = YES;
				GCC_WARN_UNUSED_VARIABLE = YES;
				IPHONEOS_DEPLOYMENT_TARGET = 17.0;
				LOCALIZATION_PREFERS_STRING_CATALOGS = YES;
				MTL_ENABLE_DEBUG_INFO = NO;
				MTL_FAST_MATH = YES;
				SDKROOT = iphoneos;
				SWIFT_COMPILATION_MODE = wholemodule;
				VALIDATE_PRODUCT = YES;
			};
			name = Release;
		};
		43FEA91D2AD8E05E000B0E2A /* Debug */ = {
			isa = XCBuildConfiguration;
			buildSettings = {
				ASSETCATALOG_COMPILER_APPICON_NAME = AppIcon;
				ASSETCATALOG_COMPILER_GLOBAL_ACCENT_COLOR_NAME = AccentColor;
				CODE_SIGN_STYLE = Automatic;
				CURRENT_PROJECT_VERSION = 1;
				DEVELOPMENT_TEAM = PH3XBLZS8A;
				GENERATE_INFOPLIST_FILE = YES;
				INFOPLIST_FILE = SongOfTheDay/Info.plist;
				INFOPLIST_KEY_UIApplicationSupportsIndirectInputEvents = YES;
				INFOPLIST_KEY_UILaunchStoryboardName = LaunchScreen;
				INFOPLIST_KEY_UIMainStoryboardFile = Main;
				INFOPLIST_KEY_UISupportedInterfaceOrientations_iPad = "UIInterfaceOrientationPortrait UIInterfaceOrientationPortraitUpsideDown UIInterfaceOrientationLandscapeLeft UIInterfaceOrientationLandscapeRight";
				INFOPLIST_KEY_UISupportedInterfaceOrientations_iPhone = "UIInterfaceOrientationPortrait UIInterfaceOrientationLandscapeLeft UIInterfaceOrientationLandscapeRight";
				LD_RUNPATH_SEARCH_PATHS = (
					"$(inherited)",
					"@executable_path/Frameworks",
				);
				MARKETING_VERSION = 1.0;
				PRODUCT_BUNDLE_IDENTIFIER = nathan.schroeder.SongOfTheDay;
				PRODUCT_NAME = "$(TARGET_NAME)";
				SWIFT_EMIT_LOC_STRINGS = YES;
				SWIFT_VERSION = 5.0;
				TARGETED_DEVICE_FAMILY = "1,2";
			};
			name = Debug;
		};
		43FEA91E2AD8E05E000B0E2A /* Release */ = {
			isa = XCBuildConfiguration;
			buildSettings = {
				ASSETCATALOG_COMPILER_APPICON_NAME = AppIcon;
				ASSETCATALOG_COMPILER_GLOBAL_ACCENT_COLOR_NAME = AccentColor;
				CODE_SIGN_STYLE = Automatic;
				CURRENT_PROJECT_VERSION = 1;
				DEVELOPMENT_TEAM = PH3XBLZS8A;
				GENERATE_INFOPLIST_FILE = YES;
				INFOPLIST_FILE = SongOfTheDay/Info.plist;
				INFOPLIST_KEY_UIApplicationSupportsIndirectInputEvents = YES;
				INFOPLIST_KEY_UILaunchStoryboardName = LaunchScreen;
				INFOPLIST_KEY_UIMainStoryboardFile = Main;
				INFOPLIST_KEY_UISupportedInterfaceOrientations_iPad = "UIInterfaceOrientationPortrait UIInterfaceOrientationPortraitUpsideDown UIInterfaceOrientationLandscapeLeft UIInterfaceOrientationLandscapeRight";
				INFOPLIST_KEY_UISupportedInterfaceOrientations_iPhone = "UIInterfaceOrientationPortrait UIInterfaceOrientationLandscapeLeft UIInterfaceOrientationLandscapeRight";
				LD_RUNPATH_SEARCH_PATHS = (
					"$(inherited)",
					"@executable_path/Frameworks",
				);
				MARKETING_VERSION = 1.0;
				PRODUCT_BUNDLE_IDENTIFIER = nathan.schroeder.SongOfTheDay;
				PRODUCT_NAME = "$(TARGET_NAME)";
				SWIFT_EMIT_LOC_STRINGS = YES;
				SWIFT_VERSION = 5.0;
				TARGETED_DEVICE_FAMILY = "1,2";
			};
			name = Release;
		};
/* End XCBuildConfiguration section */

/* Begin XCConfigurationList section */
		43FEA9032AD8E05C000B0E2A /* Build configuration list for PBXProject "Song of the Day" */ = {
			isa = XCConfigurationList;
			buildConfigurations = (
				43FEA91A2AD8E05E000B0E2A /* Debug */,
				43FEA91B2AD8E05E000B0E2A /* Release */,
			);
			defaultConfigurationIsVisible = 0;
			defaultConfigurationName = Release;
		};
		43FEA91C2AD8E05E000B0E2A /* Build configuration list for PBXNativeTarget "SongOfTheDay" */ = {
			isa = XCConfigurationList;
			buildConfigurations = (
				43FEA91D2AD8E05E000B0E2A /* Debug */,
				43FEA91E2AD8E05E000B0E2A /* Release */,
			);
			defaultConfigurationIsVisible = 0;
			defaultConfigurationName = Release;
		};
/* End XCConfigurationList section */

/* Begin XCVersionGroup section */
		43662B042AF30087001F2DD5 /* JournalModel.xcdatamodeld */ = {
			isa = XCVersionGroup;
			children = (
				43662B052AF30087001F2DD5 /* JournalModel.xcdatamodel */,
			);
			currentVersion = 43662B052AF30087001F2DD5 /* JournalModel.xcdatamodel */;
			path = JournalModel.xcdatamodeld;
			sourceTree = "<group>";
			versionGroupType = wrapper.xcdatamodel;
		};
/* End XCVersionGroup section */
	};
	rootObject = 43FEA9002AD8E05C000B0E2A /* Project object */;
}
